// !$*UTF8*$!
{
	archiveVersion = 1;
	classes = {
	};
	objectVersion = 48;
	objects = {

/* Begin PBXBuildFile section */
		049D567F2106C57000C1E9E3 /* AppDelegate.m in Sources */ = {isa = PBXBuildFile; fileRef = 049D567E2106C57000C1E9E3 /* AppDelegate.m */; };
		049D56822106C57000C1E9E3 /* ViewController.m in Sources */ = {isa = PBXBuildFile; fileRef = 049D56812106C57000C1E9E3 /* ViewController.m */; };
		049D56852106C57000C1E9E3 /* Main.storyboard in Resources */ = {isa = PBXBuildFile; fileRef = 049D56832106C57000C1E9E3 /* Main.storyboard */; };
		049D56872106C57000C1E9E3 /* Assets.xcassets in Resources */ = {isa = PBXBuildFile; fileRef = 049D56862106C57000C1E9E3 /* Assets.xcassets */; };
		049D568A2106C57000C1E9E3 /* LaunchScreen.storyboard in Resources */ = {isa = PBXBuildFile; fileRef = 049D56882106C57000C1E9E3 /* LaunchScreen.storyboard */; };
		049D568D2106C57000C1E9E3 /* main.m in Sources */ = {isa = PBXBuildFile; fileRef = 049D568C2106C57000C1E9E3 /* main.m */; };
		049D569B2106D2E000C1E9E3 /* NSObject+AdapterViewController.m in Sources */ = {isa = PBXBuildFile; fileRef = 049D569A2106D2E000C1E9E3 /* NSObject+AdapterViewController.m */; };
		049D569E210702DF00C1E9E3 /* UIScrollView+Forwarding.m in Sources */ = {isa = PBXBuildFile; fileRef = 049D569D210702DF00C1E9E3 /* UIScrollView+Forwarding.m */; };
/* End PBXBuildFile section */

/* Begin PBXFileReference section */
		049D567A2106C57000C1E9E3 /* 兼容系统API迭代的新方案.app */ = {isa = PBXFileReference; explicitFileType = wrapper.application; includeInIndex = 0; path = "兼容系统API迭代的新方案.app"; sourceTree = BUILT_PRODUCTS_DIR; };
		049D567D2106C57000C1E9E3 /* AppDelegate.h */ = {isa = PBXFileReference; lastKnownFileType = sourcecode.c.h; path = AppDelegate.h; sourceTree = "<group>"; };
		049D567E2106C57000C1E9E3 /* AppDelegate.m */ = {isa = PBXFileReference; lastKnownFileType = sourcecode.c.objc; path = AppDelegate.m; sourceTree = "<group>"; };
		049D56802106C57000C1E9E3 /* ViewController.h */ = {isa = PBXFileReference; lastKnownFileType = sourcecode.c.h; path = ViewController.h; sourceTree = "<group>"; };
		049D56812106C57000C1E9E3 /* ViewController.m */ = {isa = PBXFileReference; lastKnownFileType = sourcecode.c.objc; path = ViewController.m; sourceTree = "<group>"; };
		049D56842106C57000C1E9E3 /* Base */ = {isa = PBXFileReference; lastKnownFileType = file.storyboard; name = Base; path = Base.lproj/Main.storyboard; sourceTree = "<group>"; };
		049D56862106C57000C1E9E3 /* Assets.xcassets */ = {isa = PBXFileReference; lastKnownFileType = folder.assetcatalog; path = Assets.xcassets; sourceTree = "<group>"; };
		049D56892106C57000C1E9E3 /* Base */ = {isa = PBXFileReference; lastKnownFileType = file.storyboard; name = Base; path = Base.lproj/LaunchScreen.storyboard; sourceTree = "<group>"; };
		049D568B2106C57000C1E9E3 /* Info.plist */ = {isa = PBXFileReference; lastKnownFileType = text.plist.xml; path = Info.plist; sourceTree = "<group>"; };
		049D568C2106C57000C1E9E3 /* main.m */ = {isa = PBXFileReference; lastKnownFileType = sourcecode.c.objc; path = main.m; sourceTree = "<group>"; };
		049D56992106D2E000C1E9E3 /* NSObject+AdapterViewController.h */ = {isa = PBXFileReference; lastKnownFileType = sourcecode.c.h; path = "NSObject+AdapterViewController.h"; sourceTree = "<group>"; };
		049D569A2106D2E000C1E9E3 /* NSObject+AdapterViewController.m */ = {isa = PBXFileReference; lastKnownFileType = sourcecode.c.objc; path = "NSObject+AdapterViewController.m"; sourceTree = "<group>"; };
		049D569C210702DF00C1E9E3 /* UIScrollView+Forwarding.h */ = {isa = PBXFileReference; lastKnownFileType = sourcecode.c.h; path = "UIScrollView+Forwarding.h"; sourceTree = "<group>"; };
		049D569D210702DF00C1E9E3 /* UIScrollView+Forwarding.m */ = {isa = PBXFileReference; lastKnownFileType = sourcecode.c.objc; path = "UIScrollView+Forwarding.m"; sourceTree = "<group>"; };
/* End PBXFileReference section */

/* Begin PBXFrameworksBuildPhase section */
		049D56772106C57000C1E9E3 /* Frameworks */ = {
			isa = PBXFrameworksBuildPhase;
			buildActionMask = 2147483647;
			files = (
			);
			runOnlyForDeploymentPostprocessing = 0;
		};
/* End PBXFrameworksBuildPhase section */

/* Begin PBXGroup section */
		049D56712106C57000C1E9E3 = {
			isa = PBXGroup;
			children = (
				049D567C2106C57000C1E9E3 /* 兼容系统API迭代的新方案 */,
				049D567B2106C57000C1E9E3 /* Products */,
			);
			sourceTree = "<group>";
		};
		049D567B2106C57000C1E9E3 /* Products */ = {
			isa = PBXGroup;
			children = (
				049D567A2106C57000C1E9E3 /* 兼容系统API迭代的新方案.app */,
			);
			name = Products;
			sourceTree = "<group>";
		};
		049D567C2106C57000C1E9E3 /* 兼容系统API迭代的新方案 */ = {
			isa = PBXGroup;
			children = (
				049D567D2106C57000C1E9E3 /* AppDelegate.h */,
				049D567E2106C57000C1E9E3 /* AppDelegate.m */,
				049D56802106C57000C1E9E3 /* ViewController.h */,
				049D56812106C57000C1E9E3 /* ViewController.m */,
				049D56832106C57000C1E9E3 /* Main.storyboard */,
				049D56862106C57000C1E9E3 /* Assets.xcassets */,
				049D56882106C57000C1E9E3 /* LaunchScreen.storyboard */,
				049D568B2106C57000C1E9E3 /* Info.plist */,
				049D568C2106C57000C1E9E3 /* main.m */,
				049D56992106D2E000C1E9E3 /* NSObject+AdapterViewController.h */,
				049D569A2106D2E000C1E9E3 /* NSObject+AdapterViewController.m */,
				049D569C210702DF00C1E9E3 /* UIScrollView+Forwarding.h */,
				049D569D210702DF00C1E9E3 /* UIScrollView+Forwarding.m */,
			);
			path = "兼容系统API迭代的新方案";
			sourceTree = "<group>";
		};
/* End PBXGroup section */

/* Begin PBXNativeTarget section */
		049D56792106C57000C1E9E3 /* 兼容系统API迭代的新方案 */ = {
			isa = PBXNativeTarget;
			buildConfigurationList = 049D56902106C57000C1E9E3 /* Build configuration list for PBXNativeTarget "兼容系统API迭代的新方案" */;
			buildPhases = (
				049D56762106C57000C1E9E3 /* Sources */,
				049D56772106C57000C1E9E3 /* Frameworks */,
				049D56782106C57000C1E9E3 /* Resources */,
			);
			buildRules = (
			);
			dependencies = (
			);
			name = "兼容系统API迭代的新方案";
			productName = "兼容系统API迭代的新方案";
			productReference = 049D567A2106C57000C1E9E3 /* 兼容系统API迭代的新方案.app */;
			productType = "com.apple.product-type.application";
		};
/* End PBXNativeTarget section */

/* Begin PBXProject section */
		049D56722106C57000C1E9E3 /* Project object */ = {
			isa = PBXProject;
			attributes = {
				LastUpgradeCheck = 0920;
				ORGANIZATIONNAME = Gooou;
				TargetAttributes = {
					049D56792106C57000C1E9E3 = {
						CreatedOnToolsVersion = 9.2;
						ProvisioningStyle = Automatic;
					};
				};
			};
			buildConfigurationList = 049D56752106C57000C1E9E3 /* Build configuration list for PBXProject "兼容系统API迭代的新方案" */;
			compatibilityVersion = "Xcode 8.0";
			developmentRegion = en;
			hasScannedForEncodings = 0;
			knownRegions = (
				en,
				Base,
			);
			mainGroup = 049D56712106C57000C1E9E3;
			productRefGroup = 049D567B2106C57000C1E9E3 /* Products */;
			projectDirPath = "";
			projectRoot = "";
			targets = (
				049D56792106C57000C1E9E3 /* 兼容系统API迭代的新方案 */,
			);
		};
/* End PBXProject section */

/* Begin PBXResourcesBuildPhase section */
		049D56782106C57000C1E9E3 /* Resources */ = {
			isa = PBXResourcesBuildPhase;
			buildActionMask = 2147483647;
			files = (
				049D568A2106C57000C1E9E3 /* LaunchScreen.storyboard in Resources */,
				049D56872106C57000C1E9E3 /* Assets.xcassets in Resources */,
				049D56852106C57000C1E9E3 /* Main.storyboard in Resources */,
			);
			runOnlyForDeploymentPostprocessing = 0;
		};
/* End PBXResourcesBuildPhase section */

/* Begin PBXSourcesBuildPhase section */
		049D56762106C57000C1E9E3 /* Sources */ = {
			isa = PBXSourcesBuildPhase;
			buildActionMask = 2147483647;
			files = (
				049D569E210702DF00C1E9E3 /* UIScrollView+Forwarding.m in Sources */,
				049D56822106C57000C1E9E3 /* ViewController.m in Sources */,
				049D568D2106C57000C1E9E3 /* main.m in Sources */,
				049D569B2106D2E000C1E9E3 /* NSObject+AdapterViewController.m in Sources */,
				049D567F2106C57000C1E9E3 /* AppDelegate.m in Sources */,
			);
			runOnlyForDeploymentPostprocessing = 0;
		};
/* End PBXSourcesBuildPhase section */

/* Begin PBXVariantGroup section */
		049D56832106C57000C1E9E3 /* Main.storyboard */ = {
			isa = PBXVariantGroup;
			children = (
				049D56842106C57000C1E9E3 /* Base */,
			);
			name = Main.storyboard;
			sourceTree = "<group>";
		};
		049D56882106C57000C1E9E3 /* LaunchScreen.storyboard */ = {
			isa = PBXVariantGroup;
			children = (
				049D56892106C57000C1E9E3 /* Base */,
			);
			name = LaunchScreen.storyboard;
			sourceTree = "<group>";
		};
/* End PBXVariantGroup section */

/* Begin XCBuildConfiguration section */
		049D568E2106C57000C1E9E3 /* Debug */ = {
			isa = XCBuildConfiguration;
			buildSettings = {
				ALWAYS_SEARCH_USER_PATHS = NO;
				CLANG_ANALYZER_NONNULL = YES;
				CLANG_ANALYZER_NUMBER_OBJECT_CONVERSION = YES_AGGRESSIVE;
				CLANG_CXX_LANGUAGE_STANDARD = "gnu++14";
				CLANG_CXX_LIBRARY = "libc++";
				CLANG_ENABLE_MODULES = YES;
				CLANG_ENABLE_OBJC_ARC = YES;
				CLANG_WARN_BLOCK_CAPTURE_AUTORELEASING = YES;
				CLANG_WARN_BOOL_CONVERSION = YES;
				CLANG_WARN_COMMA = YES;
				CLANG_WARN_CONSTANT_CONVERSION = YES;
				CLANG_WARN_DIRECT_OBJC_ISA_USAGE = YES_ERROR;
				CLANG_WARN_DOCUMENTATION_COMMENTS = YES;
				CLANG_WARN_EMPTY_BODY = YES;
				CLANG_WARN_ENUM_CONVERSION = YES;
				CLANG_WARN_INFINITE_RECURSION = YES;
				CLANG_WARN_INT_CONVERSION = YES;
				CLANG_WARN_NON_LITERAL_NULL_CONVERSION = YES;
				CLANG_WARN_OBJC_LITERAL_CONVERSION = YES;
				CLANG_WARN_OBJC_ROOT_CLASS = YES_ERROR;
				CLANG_WARN_RANGE_LOOP_ANALYSIS = YES;
				CLANG_WARN_STRICT_PROTOTYPES = YES;
				CLANG_WARN_SUSPICIOUS_MOVE = YES;
				CLANG_WARN_UNGUARDED_AVAILABILITY = YES_AGGRESSIVE;
				CLANG_WARN_UNREACHABLE_CODE = YES;
				CLANG_WARN__DUPLICATE_METHOD_MATCH = YES;
				CODE_SIGN_IDENTITY = "iPhone Developer";
				COPY_PHASE_STRIP = NO;
				DEBUG_INFORMATION_FORMAT = dwarf;
				ENABLE_STRICT_OBJC_MSGSEND = YES;
				ENABLE_TESTABILITY = YES;
				GCC_C_LANGUAGE_STANDARD = gnu11;
				GCC_DYNAMIC_NO_PIC = NO;
				GCC_NO_COMMON_BLOCKS = YES;
				GCC_OPTIMIZATION_LEVEL = 0;
				GCC_PREPROCESSOR_DEFINITIONS = (
					"DEBUG=1",
					"$(inherited)",
				);
				GCC_WARN_64_TO_32_BIT_CONVERSION = YES;
				GCC_WARN_ABOUT_RETURN_TYPE = YES_ERROR;
				GCC_WARN_UNDECLARED_SELECTOR = YES;
				GCC_WARN_UNINITIALIZED_AUTOS = YES_AGGRESSIVE;
				GCC_WARN_UNUSED_FUNCTION = YES;
				GCC_WARN_UNUSED_VARIABLE = YES;
				IPHONEOS_DEPLOYMENT_TARGET = 11.2;
				MTL_ENABLE_DEBUG_INFO = YES;
				ONLY_ACTIVE_ARCH = YES;
				SDKROOT = iphoneos;
			};
			name = Debug;
		};
		049D568F2106C57000C1E9E3 /* Release */ = {
			isa = XCBuildConfiguration;
			buildSettings = {
				ALWAYS_SEARCH_USER_PATHS = NO;
				CLANG_ANALYZER_NONNULL = YES;
				CLANG_ANALYZER_NUMBER_OBJECT_CONVERSION = YES_AGGRESSIVE;
				CLANG_CXX_LANGUAGE_STANDARD = "gnu++14";
				CLANG_CXX_LIBRARY = "libc++";
				CLANG_ENABLE_MODULES = YES;
				CLANG_ENABLE_OBJC_ARC = YES;
				CLANG_WARN_BLOCK_CAPTURE_AUTORELEASING = YES;
				CLANG_WARN_BOOL_CONVERSION = YES;
				CLANG_WARN_COMMA = YES;
				CLANG_WARN_CONSTANT_CONVERSION = YES;
				CLANG_WARN_DIRECT_OBJC_ISA_USAGE = YES_ERROR;
				CLANG_WARN_DOCUMENTATION_COMMENTS = YES;
				CLANG_WARN_EMPTY_BODY = YES;
				CLANG_WARN_ENUM_CONVERSION = YES;
				CLANG_WARN_INFINITE_RECURSION = YES;
				CLANG_WARN_INT_CONVERSION = YES;
				CLANG_WARN_NON_LITERAL_NULL_CONVERSION = YES;
				CLANG_WARN_OBJC_LITERAL_CONVERSION = YES;
				CLANG_WARN_OBJC_ROOT_CLASS = YES_ERROR;
				CLANG_WARN_RANGE_LOOP_ANALYSIS = YES;
				CLANG_WARN_STRICT_PROTOTYPES = YES;
				CLANG_WARN_SUSPICIOUS_MOVE = YES;
				CLANG_WARN_UNGUARDED_AVAILABILITY = YES_AGGRESSIVE;
				CLANG_WARN_UNREACHABLE_CODE = YES;
				CLANG_WARN__DUPLICATE_METHOD_MATCH = YES;
				CODE_SIGN_IDENTITY = "iPhone Developer";
				COPY_PHASE_STRIP = NO;
				DEBUG_INFORMATION_FORMAT = "dwarf-with-dsym";
				ENABLE_NS_ASSERTIONS = NO;
				ENABLE_STRICT_OBJC_MSGSEND = YES;
				GCC_C_LANGUAGE_STANDARD = gnu11;
				GCC_NO_COMMON_BLOCKS = YES;
				GCC_WARN_64_TO_32_BIT_CONVERSION = YES;
				GCC_WARN_ABOUT_RETURN_TYPE = YES_ERROR;
				GCC_WARN_UNDECLARED_SELECTOR = YES;
				GCC_WARN_UNINITIALIZED_AUTOS = YES_AGGRESSIVE;
				GCC_WARN_UNUSED_FUNCTION = YES;
				GCC_WARN_UNUSED_VARIABLE = YES;
				IPHONEOS_DEPLOYMENT_TARGET = 11.2;
				MTL_ENABLE_DEBUG_INFO = NO;
				SDKROOT = iphoneos;
				VALIDATE_PRODUCT = YES;
			};
			name = Release;
		};
		049D56912106C57000C1E9E3 /* Debug */ = {
			isa = XCBuildConfiguration;
			buildSettings = {
				ASSETCATALOG_COMPILER_APPICON_NAME = AppIcon;
				CODE_SIGN_STYLE = Automatic;
				DEVELOPMENT_TEAM = 5EKK22A3SV;
				INFOPLIST_FILE = "兼容系统API迭代的新方案/Info.plist";
				IPHONEOS_DEPLOYMENT_TARGET = 9.0;
				LD_RUNPATH_SEARCH_PATHS = "$(inherited) @executable_path/Frameworks";
				PRODUCT_BUNDLE_IDENTIFIER = "cn.location.gooou.ios.----API------";
				PRODUCT_NAME = "$(TARGET_NAME)";
				TARGETED_DEVICE_FAMILY = "1,2";
			};
			name = Debug;
		};
		049D56922106C57000C1E9E3 /* Release */ = {
			isa = XCBuildConfiguration;
			buildSettings = {
				ASSETCATALOG_COMPILER_APPICON_NAME = AppIcon;
				CODE_SIGN_STYLE = Automatic;
				DEVELOPMENT_TEAM = 5EKK22A3SV;
				INFOPLIST_FILE = "兼容系统API迭代的新方案/Info.plist";
				IPHONEOS_DEPLOYMENT_TARGET = 9.0;
				LD_RUNPATH_SEARCH_PATHS = "$(inherited) @executable_path/Frameworks";
				PRODUCT_BUNDLE_IDENTIFIER = "cn.location.gooou.ios.----API------";
				PRODUCT_NAME = "$(TARGET_NAME)";
				TARGETED_DEVICE_FAMILY = "1,2";
			};
			name = Release;
		};
/* End XCBuildConfiguration section */

/* Begin XCConfigurationList section */
		049D56752106C57000C1E9E3 /* Build configuration list for PBXProject "兼容系统API迭代的新方案" */ = {
			isa = XCConfigurationList;
			buildConfigurations = (
				049D568E2106C57000C1E9E3 /* Debug */,
				049D568F2106C57000C1E9E3 /* Release */,
			);
			defaultConfigurationIsVisible = 0;
			defaultConfigurationName = Release;
		};
		049D56902106C57000C1E9E3 /* Build configuration list for PBXNativeTarget "兼容系统API迭代的新方案" */ = {
			isa = XCConfigurationList;
			buildConfigurations = (
				049D56912106C57000C1E9E3 /* Debug */,
				049D56922106C57000C1E9E3 /* Release */,
			);
			defaultConfigurationIsVisible = 0;
			defaultConfigurationName = Release;
		};
/* End XCConfigurationList section */
	};
	rootObject = 049D56722106C57000C1E9E3 /* Project object */;
}
